
Microsoft Visual Studio Solution File, Format Version 12.00
# Visual Studio Version 16
VisualStudioVersion = 16.0.31729.503
MinimumVisualStudioVersion = 10.0.40219.1
Project("{FAE04EC0-301F-11D3-BF4B-00C04F79EFBC}") = "Tarea2", "Tarea2\Tarea2.csproj", "{D3410356-59C0-4F9A-81B0-FCB6A4AD7E1B}"
EndProject
Global
	GlobalSection(SolutionConfigurationPlatforms) = preSolution
		Debug|Any CPU = Debug|Any CPU
		Release|Any CPU = Release|Any CPU
	EndGlobalSection
	GlobalSection(ProjectConfigurationPlatforms) = postSolution
		{D3410356-59C0-4F9A-81B0-FCB6A4AD7E1B}.Debug|Any CPU.ActiveCfg = Debug|Any CPU
		{D3410356-59C0-4F9A-81B0-FCB6A4AD7E1B}.Debug|Any CPU.Build.0 = Debug|Any CPU
		{D3410356-59C0-4F9A-81B0-FCB6A4AD7E1B}.Release|Any CPU.ActiveCfg = Release|Any CPU
		{D3410356-59C0-4F9A-81B0-FCB6A4AD7E1B}.Release|Any CPU.Build.0 = Release|Any CPU
	EndGlobalSection
	GlobalSection(SolutionProperties) = preSolution
		HideSolutionNode = FALSE
	EndGlobalSection
	GlobalSection(ExtensibilityGlobals) = postSolution
		SolutionGuid = {29D58440-DC0F-4092-BBCA-4130A14AE246}
	EndGlobalSection
EndGlobal
